// !$*UTF8*$!
{
	archiveVersion = 1;
	classes = {
	};
	objectVersion = 55;
	objects = {

/* Begin PBXBuildFile section */
		2A0B2FF92843D1D800C35ECF /* libsqlite3.tbd in Frameworks */ = {isa = PBXBuildFile; fileRef = 2A7DF5E328439AA500CA1890 /* libsqlite3.tbd */; };
		2A0B2FFA2843D1F500C35ECF /* libsqlite3.tbd in Frameworks */ = {isa = PBXBuildFile; fileRef = 2A7DF5E328439AA500CA1890 /* libsqlite3.tbd */; };
		2A0B2FFB2843D20400C35ECF /* libxml2.tbd in Frameworks */ = {isa = PBXBuildFile; fileRef = 2A7DF5E228439A9B00CA1890 /* libxml2.tbd */; };
		2A0B2FFC2843D20E00C35ECF /* libc++.tbd in Frameworks */ = {isa = PBXBuildFile; fileRef = 2A7DF5E128439A8900CA1890 /* libc++.tbd */; };
		2A7DF5C328436AB700CA1890 /* AppDelegate.swift in Sources */ = {isa = PBXBuildFile; fileRef = 2A7DF5C228436AB700CA1890 /* AppDelegate.swift */; };
		2A7DF5C528436AB700CA1890 /* SceneDelegate.swift in Sources */ = {isa = PBXBuildFile; fileRef = 2A7DF5C428436AB700CA1890 /* SceneDelegate.swift */; };
		2A7DF5C728436AB700CA1890 /* ViewController.swift in Sources */ = {isa = PBXBuildFile; fileRef = 2A7DF5C628436AB700CA1890 /* ViewController.swift */; };
		2A7DF5CA28436AB700CA1890 /* Main.storyboard in Resources */ = {isa = PBXBuildFile; fileRef = 2A7DF5C828436AB700CA1890 /* Main.storyboard */; };
		2A7DF5CC28436AC000CA1890 /* Assets.xcassets in Resources */ = {isa = PBXBuildFile; fileRef = 2A7DF5CB28436AC000CA1890 /* Assets.xcassets */; };
		2A7DF5CF28436AC000CA1890 /* LaunchScreen.storyboard in Resources */ = {isa = PBXBuildFile; fileRef = 2A7DF5CD28436AC000CA1890 /* LaunchScreen.storyboard */; };
		2A7DF5DC28439A6100CA1890 /* SystemConfiguration.framework in Frameworks */ = {isa = PBXBuildFile; fileRef = 2A7DF5DB28439A6100CA1890 /* SystemConfiguration.framework */; };
		2A7DF5DE28439A6C00CA1890 /* CoreLocation.framework in Frameworks */ = {isa = PBXBuildFile; fileRef = 2A7DF5DD28439A6C00CA1890 /* CoreLocation.framework */; };
		2A7DF5E028439A7A00CA1890 /* QuartzCore.framework in Frameworks */ = {isa = PBXBuildFile; fileRef = 2A7DF5DF28439A7A00CA1890 /* QuartzCore.framework */; };
		2A7DF8182843A11900CA1890 /* Metal.framework in Frameworks */ = {isa = PBXBuildFile; fileRef = 2A7DF8172843A11900CA1890 /* Metal.framework */; };
		2A7DF8402843A24500CA1890 /* map_pinup_custom@3x.png in Resources */ = {isa = PBXBuildFile; fileRef = 2A7DF81B2843A24500CA1890 /* map_pinup_custom@3x.png */; };
		2A7DF8412843A24500CA1890 /* map_pin_custom.png in Resources */ = {isa = PBXBuildFile; fileRef = 2A7DF81C2843A24500CA1890 /* map_pin_custom.png */; };
		2A7DF8422843A24500CA1890 /* shadow_balloon.png in Resources */ = {isa = PBXBuildFile; fileRef = 2A7DF81D2843A24500CA1890 /* shadow_balloon.png */; };
		2A7DF8432843A24500CA1890 /* map_pinup.png in Resources */ = {isa = PBXBuildFile; fileRef = 2A7DF81E2843A24500CA1890 /* map_pinup.png */; };
		2A7DF8442843A24500CA1890 /* detail_button.png in Resources */ = {isa = PBXBuildFile; fileRef = 2A7DF81F2843A24500CA1890 /* detail_button.png */; };
		2A7DF8452843A24500CA1890 /* map_pin_custom@3x.png in Resources */ = {isa = PBXBuildFile; fileRef = 2A7DF8202843A24500CA1890 /* map_pin_custom@3x.png */; };
		2A7DF8462843A24500CA1890 /* map_pinup@3x.png in Resources */ = {isa = PBXBuildFile; fileRef = 2A7DF8212843A24500CA1890 /* map_pinup@3x.png */; };
		2A7DF8472843A24500CA1890 /* map_pin_shadow@3x.png in Resources */ = {isa = PBXBuildFile; fileRef = 2A7DF8222843A24500CA1890 /* map_pin_shadow@3x.png */; };
		2A7DF8482843A24500CA1890 /* copyright.png in Resources */ = {isa = PBXBuildFile; fileRef = 2A7DF8232843A24500CA1890 /* copyright.png */; };
		2A7DF8492843A24500CA1890 /* th_line.png in Resources */ = {isa = PBXBuildFile; fileRef = 2A7DF8242843A24500CA1890 /* th_line.png */; };
		2A7DF84A2843A24600CA1890 /* map_pin_red@3x.png in Resources */ = {isa = PBXBuildFile; fileRef = 2A7DF8252843A24500CA1890 /* map_pin_red@3x.png */; };
		2A7DF84B2843A24600CA1890 /* daum_copyright.png in Resources */ = {isa = PBXBuildFile; fileRef = 2A7DF8262843A24500CA1890 /* daum_copyright.png */; };
		2A7DF84C2843A24600CA1890 /* map_pin@3x.png in Resources */ = {isa = PBXBuildFile; fileRef = 2A7DF8272843A24500CA1890 /* map_pin@3x.png */; };
		2A7DF84D2843A24600CA1890 /* map_present_tracking.png in Resources */ = {isa = PBXBuildFile; fileRef = 2A7DF8282843A24500CA1890 /* map_present_tracking.png */; };
		2A7DF84E2843A24600CA1890 /* map_pin_red.png in Resources */ = {isa = PBXBuildFile; fileRef = 2A7DF8292843A24500CA1890 /* map_pin_red.png */; };
		2A7DF84F2843A24600CA1890 /* info_box.png in Resources */ = {isa = PBXBuildFile; fileRef = 2A7DF8332843A24500CA1890 /* info_box.png */; };
		2A7DF8502843A24600CA1890 /* point_sprite.png in Resources */ = {isa = PBXBuildFile; fileRef = 2A7DF8342843A24500CA1890 /* point_sprite.png */; };
		2A7DF8512843A24600CA1890 /* map_pinup_custom.png in Resources */ = {isa = PBXBuildFile; fileRef = 2A7DF8352843A24500CA1890 /* map_pinup_custom.png */; };
		2A7DF8522843A24600CA1890 /* info_box_tail.png in Resources */ = {isa = PBXBuildFile; fileRef = 2A7DF8362843A24500CA1890 /* info_box_tail.png */; };
		2A7DF8532843A24600CA1890 /* noimage256.png in Resources */ = {isa = PBXBuildFile; fileRef = 2A7DF8372843A24500CA1890 /* noimage256.png */; };
		2A7DF8542843A24600CA1890 /* map_present_direction.png in Resources */ = {isa = PBXBuildFile; fileRef = 2A7DF8382843A24500CA1890 /* map_present_direction.png */; };
		2A7DF8552843A24600CA1890 /* map_pin.png in Resources */ = {isa = PBXBuildFile; fileRef = 2A7DF8392843A24500CA1890 /* map_pin.png */; };
		2A7DF8562843A24600CA1890 /* map_present.png in Resources */ = {isa = PBXBuildFile; fileRef = 2A7DF83A2843A24500CA1890 /* map_present.png */; };
		2A7DF8572843A24600CA1890 /* noimage.png in Resources */ = {isa = PBXBuildFile; fileRef = 2A7DF83B2843A24500CA1890 /* noimage.png */; };
		2A7DF8582843A24600CA1890 /* map_present_background_update.png in Resources */ = {isa = PBXBuildFile; fileRef = 2A7DF83C2843A24500CA1890 /* map_present_background_update.png */; };
		2A7DF8592843A24600CA1890 /* daum_th_line.png in Resources */ = {isa = PBXBuildFile; fileRef = 2A7DF83D2843A24500CA1890 /* daum_th_line.png */; };
		2A7DF85A2843A24600CA1890 /* map_pin_shadow.png in Resources */ = {isa = PBXBuildFile; fileRef = 2A7DF83E2843A24500CA1890 /* map_pin_shadow.png */; };
		2A7DF85B2843A24600CA1890 /* DaumMap.framework in Frameworks */ = {isa = PBXBuildFile; fileRef = 2A7DF83F2843A24500CA1890 /* DaumMap.framework */; };
/* End PBXBuildFile section */

/* Begin PBXFileReference section */
		2A7DF5BF28436AB700CA1890 /* mapTest.app */ = {isa = PBXFileReference; explicitFileType = wrapper.application; includeInIndex = 0; path = mapTest.app; sourceTree = BUILT_PRODUCTS_DIR; };
		2A7DF5C228436AB700CA1890 /* AppDelegate.swift */ = {isa = PBXFileReference; lastKnownFileType = sourcecode.swift; path = AppDelegate.swift; sourceTree = "<group>"; };
		2A7DF5C428436AB700CA1890 /* SceneDelegate.swift */ = {isa = PBXFileReference; lastKnownFileType = sourcecode.swift; path = SceneDelegate.swift; sourceTree = "<group>"; };
		2A7DF5C628436AB700CA1890 /* ViewController.swift */ = {isa = PBXFileReference; lastKnownFileType = sourcecode.swift; path = ViewController.swift; sourceTree = "<group>"; };
		2A7DF5C928436AB700CA1890 /* Base */ = {isa = PBXFileReference; lastKnownFileType = file.storyboard; name = Base; path = Base.lproj/Main.storyboard; sourceTree = "<group>"; };
		2A7DF5CB28436AC000CA1890 /* Assets.xcassets */ = {isa = PBXFileReference; lastKnownFileType = folder.assetcatalog; path = Assets.xcassets; sourceTree = "<group>"; };
		2A7DF5CE28436AC000CA1890 /* Base */ = {isa = PBXFileReference; lastKnownFileType = file.storyboard; name = Base; path = Base.lproj/LaunchScreen.storyboard; sourceTree = "<group>"; };
		2A7DF5D028436AC000CA1890 /* Info.plist */ = {isa = PBXFileReference; lastKnownFileType = text.plist.xml; path = Info.plist; sourceTree = "<group>"; };
		2A7DF5DB28439A6100CA1890 /* SystemConfiguration.framework */ = {isa = PBXFileReference; lastKnownFileType = wrapper.framework; name = SystemConfiguration.framework; path = System/Library/Frameworks/SystemConfiguration.framework; sourceTree = SDKROOT; };
		2A7DF5DD28439A6C00CA1890 /* CoreLocation.framework */ = {isa = PBXFileReference; lastKnownFileType = wrapper.framework; name = CoreLocation.framework; path = System/Library/Frameworks/CoreLocation.framework; sourceTree = SDKROOT; };
		2A7DF5DF28439A7A00CA1890 /* QuartzCore.framework */ = {isa = PBXFileReference; lastKnownFileType = wrapper.framework; name = QuartzCore.framework; path = System/Library/Frameworks/QuartzCore.framework; sourceTree = SDKROOT; };
		2A7DF5E128439A8900CA1890 /* libc++.tbd */ = {isa = PBXFileReference; lastKnownFileType = "sourcecode.text-based-dylib-definition"; name = "libc++.tbd"; path = "usr/lib/libc++.tbd"; sourceTree = SDKROOT; };
		2A7DF5E228439A9B00CA1890 /* libxml2.tbd */ = {isa = PBXFileReference; lastKnownFileType = "sourcecode.text-based-dylib-definition"; name = libxml2.tbd; path = usr/lib/libxml2.tbd; sourceTree = SDKROOT; };
		2A7DF5E328439AA500CA1890 /* libsqlite3.tbd */ = {isa = PBXFileReference; lastKnownFileType = "sourcecode.text-based-dylib-definition"; name = libsqlite3.tbd; path = usr/lib/libsqlite3.tbd; sourceTree = SDKROOT; };
		2A7DF5E428439B2700CA1890 /* KakaoMap-Bridging-Header.h */ = {isa = PBXFileReference; lastKnownFileType = sourcecode.c.h; path = "KakaoMap-Bridging-Header.h"; sourceTree = "<group>"; };
		2A7DF8172843A11900CA1890 /* Metal.framework */ = {isa = PBXFileReference; lastKnownFileType = wrapper.framework; name = Metal.framework; path = System/Library/Frameworks/Metal.framework; sourceTree = SDKROOT; };
		2A7DF81B2843A24500CA1890 /* map_pinup_custom@3x.png */ = {isa = PBXFileReference; lastKnownFileType = image.png; path = "map_pinup_custom@3x.png"; sourceTree = "<group>"; };
		2A7DF81C2843A24500CA1890 /* map_pin_custom.png */ = {isa = PBXFileReference; lastKnownFileType = image.png; path = map_pin_custom.png; sourceTree = "<group>"; };
		2A7DF81D2843A24500CA1890 /* shadow_balloon.png */ = {isa = PBXFileReference; lastKnownFileType = image.png; path = shadow_balloon.png; sourceTree = "<group>"; };
		2A7DF81E2843A24500CA1890 /* map_pinup.png */ = {isa = PBXFileReference; lastKnownFileType = image.png; path = map_pinup.png; sourceTree = "<group>"; };
		2A7DF81F2843A24500CA1890 /* detail_button.png */ = {isa = PBXFileReference; lastKnownFileType = image.png; path = detail_button.png; sourceTree = "<group>"; };
		2A7DF8202843A24500CA1890 /* map_pin_custom@3x.png */ = {isa = PBXFileReference; lastKnownFileType = image.png; path = "map_pin_custom@3x.png"; sourceTree = "<group>"; };
		2A7DF8212843A24500CA1890 /* map_pinup@3x.png */ = {isa = PBXFileReference; lastKnownFileType = image.png; path = "map_pinup@3x.png"; sourceTree = "<group>"; };
		2A7DF8222843A24500CA1890 /* map_pin_shadow@3x.png */ = {isa = PBXFileReference; lastKnownFileType = image.png; path = "map_pin_shadow@3x.png"; sourceTree = "<group>"; };
		2A7DF8232843A24500CA1890 /* copyright.png */ = {isa = PBXFileReference; lastKnownFileType = image.png; path = copyright.png; sourceTree = "<group>"; };
		2A7DF8242843A24500CA1890 /* th_line.png */ = {isa = PBXFileReference; lastKnownFileType = image.png; path = th_line.png; sourceTree = "<group>"; };
		2A7DF8252843A24500CA1890 /* map_pin_red@3x.png */ = {isa = PBXFileReference; lastKnownFileType = image.png; path = "map_pin_red@3x.png"; sourceTree = "<group>"; };
		2A7DF8262843A24500CA1890 /* daum_copyright.png */ = {isa = PBXFileReference; lastKnownFileType = image.png; path = daum_copyright.png; sourceTree = "<group>"; };
		2A7DF8272843A24500CA1890 /* map_pin@3x.png */ = {isa = PBXFileReference; lastKnownFileType = image.png; path = "map_pin@3x.png"; sourceTree = "<group>"; };
		2A7DF8282843A24500CA1890 /* map_present_tracking.png */ = {isa = PBXFileReference; lastKnownFileType = image.png; path = map_present_tracking.png; sourceTree = "<group>"; };
		2A7DF8292843A24500CA1890 /* map_pin_red.png */ = {isa = PBXFileReference; lastKnownFileType = image.png; path = map_pin_red.png; sourceTree = "<group>"; };
		2A7DF82B2843A24500CA1890 /* MTMapPOIItem.h */ = {isa = PBXFileReference; fileEncoding = 4; lastKnownFileType = sourcecode.c.h; path = MTMapPOIItem.h; sourceTree = "<group>"; };
		2A7DF82C2843A24500CA1890 /* MTMapCameraUpdate.h */ = {isa = PBXFileReference; fileEncoding = 4; lastKnownFileType = sourcecode.c.h; path = MTMapCameraUpdate.h; sourceTree = "<group>"; };
		2A7DF82D2843A24500CA1890 /* MTMapReverseGeoCoder.h */ = {isa = PBXFileReference; fileEncoding = 4; lastKnownFileType = sourcecode.c.h; path = MTMapReverseGeoCoder.h; sourceTree = "<group>"; };
		2A7DF82E2843A24500CA1890 /* MTMapPolyline.h */ = {isa = PBXFileReference; fileEncoding = 4; lastKnownFileType = sourcecode.c.h; path = MTMapPolyline.h; sourceTree = "<group>"; };
		2A7DF82F2843A24500CA1890 /* MTMapLocationMarkerItem.h */ = {isa = PBXFileReference; fileEncoding = 4; lastKnownFileType = sourcecode.c.h; path = MTMapLocationMarkerItem.h; sourceTree = "<group>"; };
		2A7DF8302843A24500CA1890 /* MTMapView.h */ = {isa = PBXFileReference; fileEncoding = 4; lastKnownFileType = sourcecode.c.h; path = MTMapView.h; sourceTree = "<group>"; };
		2A7DF8312843A24500CA1890 /* MTMapGeometry.h */ = {isa = PBXFileReference; fileEncoding = 4; lastKnownFileType = sourcecode.c.h; path = MTMapGeometry.h; sourceTree = "<group>"; };
		2A7DF8322843A24500CA1890 /* MTMapCircle.h */ = {isa = PBXFileReference; fileEncoding = 4; lastKnownFileType = sourcecode.c.h; path = MTMapCircle.h; sourceTree = "<group>"; };
		2A7DF8332843A24500CA1890 /* info_box.png */ = {isa = PBXFileReference; lastKnownFileType = image.png; path = info_box.png; sourceTree = "<group>"; };
		2A7DF8342843A24500CA1890 /* point_sprite.png */ = {isa = PBXFileReference; lastKnownFileType = image.png; path = point_sprite.png; sourceTree = "<group>"; };
		2A7DF8352843A24500CA1890 /* map_pinup_custom.png */ = {isa = PBXFileReference; lastKnownFileType = image.png; path = map_pinup_custom.png; sourceTree = "<group>"; };
		2A7DF8362843A24500CA1890 /* info_box_tail.png */ = {isa = PBXFileReference; lastKnownFileType = image.png; path = info_box_tail.png; sourceTree = "<group>"; };
		2A7DF8372843A24500CA1890 /* noimage256.png */ = {isa = PBXFileReference; lastKnownFileType = image.png; path = noimage256.png; sourceTree = "<group>"; };
		2A7DF8382843A24500CA1890 /* map_present_direction.png */ = {isa = PBXFileReference; lastKnownFileType = image.png; path = map_present_direction.png; sourceTree = "<group>"; };
		2A7DF8392843A24500CA1890 /* map_pin.png */ = {isa = PBXFileReference; lastKnownFileType = image.png; path = map_pin.png; sourceTree = "<group>"; };
		2A7DF83A2843A24500CA1890 /* map_present.png */ = {isa = PBXFileReference; lastKnownFileType = image.png; path = map_present.png; sourceTree = "<group>"; };
		2A7DF83B2843A24500CA1890 /* noimage.png */ = {isa = PBXFileReference; lastKnownFileType = image.png; path = noimage.png; sourceTree = "<group>"; };
		2A7DF83C2843A24500CA1890 /* map_present_background_update.png */ = {isa = PBXFileReference; lastKnownFileType = image.png; path = map_present_background_update.png; sourceTree = "<group>"; };
		2A7DF83D2843A24500CA1890 /* daum_th_line.png */ = {isa = PBXFileReference; lastKnownFileType = image.png; path = daum_th_line.png; sourceTree = "<group>"; };
		2A7DF83E2843A24500CA1890 /* map_pin_shadow.png */ = {isa = PBXFileReference; lastKnownFileType = image.png; path = map_pin_shadow.png; sourceTree = "<group>"; };
		2A7DF83F2843A24500CA1890 /* DaumMap.framework */ = {isa = PBXFileReference; lastKnownFileType = wrapper.framework; path = DaumMap.framework; sourceTree = "<group>"; };
/* End PBXFileReference section */

/* Begin PBXFrameworksBuildPhase section */
		2A7DF5BC28436AB700CA1890 /* Frameworks */ = {
			isa = PBXFrameworksBuildPhase;
			buildActionMask = 2147483647;
			files = (
				2A0B2FF92843D1D800C35ECF /* libsqlite3.tbd in Frameworks */,
				2A7DF5E028439A7A00CA1890 /* QuartzCore.framework in Frameworks */,
				2A0B2FFA2843D1F500C35ECF /* libsqlite3.tbd in Frameworks */,
				2A7DF85B2843A24600CA1890 /* DaumMap.framework in Frameworks */,
				2A7DF8182843A11900CA1890 /* Metal.framework in Frameworks */,
				2A0B2FFB2843D20400C35ECF /* libxml2.tbd in Frameworks */,
				2A0B2FFC2843D20E00C35ECF /* libc++.tbd in Frameworks */,
				2A7DF5DE28439A6C00CA1890 /* CoreLocation.framework in Frameworks */,
				2A7DF5DC28439A6100CA1890 /* SystemConfiguration.framework in Frameworks */,
			);
			runOnlyForDeploymentPostprocessing = 0;
		};
/* End PBXFrameworksBuildPhase section */

/* Begin PBXGroup section */
		2A7DF5B628436AB700CA1890 = {
			isa = PBXGroup;
			children = (
				2A7DF5E428439B2700CA1890 /* KakaoMap-Bridging-Header.h */,
				2A7DF5C128436AB700CA1890 /* mapTest */,
				2A7DF5C028436AB700CA1890 /* Products */,
				2A7DF5D828439A5600CA1890 /* Frameworks */,
			);
			sourceTree = "<group>";
		};
		2A7DF5C028436AB700CA1890 /* Products */ = {
			isa = PBXGroup;
			children = (
				2A7DF5BF28436AB700CA1890 /* mapTest.app */,
			);
			name = Products;
			sourceTree = "<group>";
		};
		2A7DF5C128436AB700CA1890 /* mapTest */ = {
			isa = PBXGroup;
			children = (
				2A7DF5C228436AB700CA1890 /* AppDelegate.swift */,
				2A7DF5C428436AB700CA1890 /* SceneDelegate.swift */,
				2A7DF5C628436AB700CA1890 /* ViewController.swift */,
				2A7DF5C828436AB700CA1890 /* Main.storyboard */,
				2A7DF5CB28436AC000CA1890 /* Assets.xcassets */,
				2A7DF5CD28436AC000CA1890 /* LaunchScreen.storyboard */,
				2A7DF5D028436AC000CA1890 /* Info.plist */,
			);
			path = mapTest;
			sourceTree = "<group>";
		};
		2A7DF5D828439A5600CA1890 /* Frameworks */ = {
			isa = PBXGroup;
			children = (
				2A7DF8172843A11900CA1890 /* Metal.framework */,
				2A7DF5E328439AA500CA1890 /* libsqlite3.tbd */,
				2A7DF5E228439A9B00CA1890 /* libxml2.tbd */,
				2A7DF5E128439A8900CA1890 /* libc++.tbd */,
				2A7DF5DF28439A7A00CA1890 /* QuartzCore.framework */,
				2A7DF5DD28439A6C00CA1890 /* CoreLocation.framework */,
				2A7DF5DB28439A6100CA1890 /* SystemConfiguration.framework */,
				2A7DF8192843A24500CA1890 /* DaumMap.embeddedframework */,
			);
			name = Frameworks;
			sourceTree = "<group>";
		};
		2A7DF8192843A24500CA1890 /* DaumMap.embeddedframework */ = {
			isa = PBXGroup;
			children = (
				2A7DF81A2843A24500CA1890 /* Resources */,
				2A7DF83F2843A24500CA1890 /* DaumMap.framework */,
			);
			path = DaumMap.embeddedframework;
			sourceTree = "<group>";
		};
		2A7DF81A2843A24500CA1890 /* Resources */ = {
			isa = PBXGroup;
			children = (
				2A7DF81B2843A24500CA1890 /* map_pinup_custom@3x.png */,
				2A7DF81C2843A24500CA1890 /* map_pin_custom.png */,
				2A7DF81D2843A24500CA1890 /* shadow_balloon.png */,
				2A7DF81E2843A24500CA1890 /* map_pinup.png */,
				2A7DF81F2843A24500CA1890 /* detail_button.png */,
				2A7DF8202843A24500CA1890 /* map_pin_custom@3x.png */,
				2A7DF8212843A24500CA1890 /* map_pinup@3x.png */,
				2A7DF8222843A24500CA1890 /* map_pin_shadow@3x.png */,
				2A7DF8232843A24500CA1890 /* copyright.png */,
				2A7DF8242843A24500CA1890 /* th_line.png */,
				2A7DF8252843A24500CA1890 /* map_pin_red@3x.png */,
				2A7DF8262843A24500CA1890 /* daum_copyright.png */,
				2A7DF8272843A24500CA1890 /* map_pin@3x.png */,
				2A7DF8282843A24500CA1890 /* map_present_tracking.png */,
				2A7DF8292843A24500CA1890 /* map_pin_red.png */,
				2A7DF82A2843A24500CA1890 /* Headers */,
				2A7DF8332843A24500CA1890 /* info_box.png */,
				2A7DF8342843A24500CA1890 /* point_sprite.png */,
				2A7DF8352843A24500CA1890 /* map_pinup_custom.png */,
				2A7DF8362843A24500CA1890 /* info_box_tail.png */,
				2A7DF8372843A24500CA1890 /* noimage256.png */,
				2A7DF8382843A24500CA1890 /* map_present_direction.png */,
				2A7DF8392843A24500CA1890 /* map_pin.png */,
				2A7DF83A2843A24500CA1890 /* map_present.png */,
				2A7DF83B2843A24500CA1890 /* noimage.png */,
				2A7DF83C2843A24500CA1890 /* map_present_background_update.png */,
				2A7DF83D2843A24500CA1890 /* daum_th_line.png */,
				2A7DF83E2843A24500CA1890 /* map_pin_shadow.png */,
			);
			path = Resources;
			sourceTree = "<group>";
		};
		2A7DF82A2843A24500CA1890 /* Headers */ = {
			isa = PBXGroup;
			children = (
				2A7DF82B2843A24500CA1890 /* MTMapPOIItem.h */,
				2A7DF82C2843A24500CA1890 /* MTMapCameraUpdate.h */,
				2A7DF82D2843A24500CA1890 /* MTMapReverseGeoCoder.h */,
				2A7DF82E2843A24500CA1890 /* MTMapPolyline.h */,
				2A7DF82F2843A24500CA1890 /* MTMapLocationMarkerItem.h */,
				2A7DF8302843A24500CA1890 /* MTMapView.h */,
				2A7DF8312843A24500CA1890 /* MTMapGeometry.h */,
				2A7DF8322843A24500CA1890 /* MTMapCircle.h */,
			);
			path = Headers;
			sourceTree = "<group>";
		};
/* End PBXGroup section */

/* Begin PBXNativeTarget section */
		2A7DF5BE28436AB700CA1890 /* mapTest */ = {
			isa = PBXNativeTarget;
			buildConfigurationList = 2A7DF5D328436AC000CA1890 /* Build configuration list for PBXNativeTarget "mapTest" */;
			buildPhases = (
				2A7DF5BB28436AB700CA1890 /* Sources */,
				2A7DF5BC28436AB700CA1890 /* Frameworks */,
				2A7DF5BD28436AB700CA1890 /* Resources */,
			);
			buildRules = (
			);
			dependencies = (
			);
			name = mapTest;
			productName = mapTest;
			productReference = 2A7DF5BF28436AB700CA1890 /* mapTest.app */;
			productType = "com.apple.product-type.application";
		};
/* End PBXNativeTarget section */

/* Begin PBXProject section */
		2A7DF5B728436AB700CA1890 /* Project object */ = {
			isa = PBXProject;
			attributes = {
				BuildIndependentTargetsInParallel = 1;
				LastSwiftUpdateCheck = 1330;
				LastUpgradeCheck = 1330;
				TargetAttributes = {
					2A7DF5BE28436AB700CA1890 = {
						CreatedOnToolsVersion = 13.3;
					};
				};
			};
			buildConfigurationList = 2A7DF5BA28436AB700CA1890 /* Build configuration list for PBXProject "mapTest" */;
			compatibilityVersion = "Xcode 13.0";
			developmentRegion = en;
			hasScannedForEncodings = 0;
			knownRegions = (
				en,
				Base,
			);
			mainGroup = 2A7DF5B628436AB700CA1890;
			productRefGroup = 2A7DF5C028436AB700CA1890 /* Products */;
			projectDirPath = "";
			projectRoot = "";
			targets = (
				2A7DF5BE28436AB700CA1890 /* mapTest */,
			);
		};
/* End PBXProject section */

/* Begin PBXResourcesBuildPhase section */
		2A7DF5BD28436AB700CA1890 /* Resources */ = {
			isa = PBXResourcesBuildPhase;
			buildActionMask = 2147483647;
			files = (
				2A7DF8562843A24600CA1890 /* map_present.png in Resources */,
				2A7DF84C2843A24600CA1890 /* map_pin@3x.png in Resources */,
				2A7DF84A2843A24600CA1890 /* map_pin_red@3x.png in Resources */,
				2A7DF8552843A24600CA1890 /* map_pin.png in Resources */,
				2A7DF84E2843A24600CA1890 /* map_pin_red.png in Resources */,
				2A7DF8402843A24500CA1890 /* map_pinup_custom@3x.png in Resources */,
				2A7DF8482843A24500CA1890 /* copyright.png in Resources */,
				2A7DF8472843A24500CA1890 /* map_pin_shadow@3x.png in Resources */,
				2A7DF5CF28436AC000CA1890 /* LaunchScreen.storyboard in Resources */,
				2A7DF84B2843A24600CA1890 /* daum_copyright.png in Resources */,
				2A7DF84F2843A24600CA1890 /* info_box.png in Resources */,
				2A7DF8452843A24500CA1890 /* map_pin_custom@3x.png in Resources */,
				2A7DF85A2843A24600CA1890 /* map_pin_shadow.png in Resources */,
				2A7DF84D2843A24600CA1890 /* map_present_tracking.png in Resources */,
				2A7DF8442843A24500CA1890 /* detail_button.png in Resources */,
				2A7DF8572843A24600CA1890 /* noimage.png in Resources */,
				2A7DF8492843A24500CA1890 /* th_line.png in Resources */,
				2A7DF8522843A24600CA1890 /* info_box_tail.png in Resources */,
				2A7DF8412843A24500CA1890 /* map_pin_custom.png in Resources */,
				2A7DF8512843A24600CA1890 /* map_pinup_custom.png in Resources */,
				2A7DF8462843A24500CA1890 /* map_pinup@3x.png in Resources */,
				2A7DF8502843A24600CA1890 /* point_sprite.png in Resources */,
				2A7DF8582843A24600CA1890 /* map_present_background_update.png in Resources */,
				2A7DF8542843A24600CA1890 /* map_present_direction.png in Resources */,
				2A7DF8532843A24600CA1890 /* noimage256.png in Resources */,
				2A7DF8422843A24500CA1890 /* shadow_balloon.png in Resources */,
				2A7DF5CC28436AC000CA1890 /* Assets.xcassets in Resources */,
				2A7DF5CA28436AB700CA1890 /* Main.storyboard in Resources */,
				2A7DF8592843A24600CA1890 /* daum_th_line.png in Resources */,
				2A7DF8432843A24500CA1890 /* map_pinup.png in Resources */,
			);
			runOnlyForDeploymentPostprocessing = 0;
		};
/* End PBXResourcesBuildPhase section */

/* Begin PBXSourcesBuildPhase section */
		2A7DF5BB28436AB700CA1890 /* Sources */ = {
			isa = PBXSourcesBuildPhase;
			buildActionMask = 2147483647;
			files = (
				2A7DF5C728436AB700CA1890 /* ViewController.swift in Sources */,
				2A7DF5C328436AB700CA1890 /* AppDelegate.swift in Sources */,
				2A7DF5C528436AB700CA1890 /* SceneDelegate.swift in Sources */,
			);
			runOnlyForDeploymentPostprocessing = 0;
		};
/* End PBXSourcesBuildPhase section */

/* Begin PBXVariantGroup section */
		2A7DF5C828436AB700CA1890 /* Main.storyboard */ = {
			isa = PBXVariantGroup;
			children = (
				2A7DF5C928436AB700CA1890 /* Base */,
			);
			name = Main.storyboard;
			sourceTree = "<group>";
		};
		2A7DF5CD28436AC000CA1890 /* LaunchScreen.storyboard */ = {
			isa = PBXVariantGroup;
			children = (
				2A7DF5CE28436AC000CA1890 /* Base */,
			);
			name = LaunchScreen.storyboard;
			sourceTree = "<group>";
		};
/* End PBXVariantGroup section */

/* Begin XCBuildConfiguration section */
		2A7DF5D128436AC000CA1890 /* Debug */ = {
			isa = XCBuildConfiguration;
			buildSettings = {
				ALWAYS_SEARCH_USER_PATHS = NO;
				CLANG_ANALYZER_NONNULL = YES;
				CLANG_ANALYZER_NUMBER_OBJECT_CONVERSION = YES_AGGRESSIVE;
				CLANG_CXX_LANGUAGE_STANDARD = "gnu++17";
				CLANG_ENABLE_MODULES = YES;
				CLANG_ENABLE_OBJC_ARC = YES;
				CLANG_ENABLE_OBJC_WEAK = YES;
				CLANG_WARN_BLOCK_CAPTURE_AUTORELEASING = YES;
				CLANG_WARN_BOOL_CONVERSION = YES;
				CLANG_WARN_COMMA = YES;
				CLANG_WARN_CONSTANT_CONVERSION = YES;
				CLANG_WARN_DEPRECATED_OBJC_IMPLEMENTATIONS = YES;
				CLANG_WARN_DIRECT_OBJC_ISA_USAGE = YES_ERROR;
				CLANG_WARN_DOCUMENTATION_COMMENTS = YES;
				CLANG_WARN_EMPTY_BODY = YES;
				CLANG_WARN_ENUM_CONVERSION = YES;
				CLANG_WARN_INFINITE_RECURSION = YES;
				CLANG_WARN_INT_CONVERSION = YES;
				CLANG_WARN_NON_LITERAL_NULL_CONVERSION = YES;
				CLANG_WARN_OBJC_IMPLICIT_RETAIN_SELF = YES;
				CLANG_WARN_OBJC_LITERAL_CONVERSION = YES;
				CLANG_WARN_OBJC_ROOT_CLASS = YES_ERROR;
				CLANG_WARN_QUOTED_INCLUDE_IN_FRAMEWORK_HEADER = YES;
				CLANG_WARN_RANGE_LOOP_ANALYSIS = YES;
				CLANG_WARN_STRICT_PROTOTYPES = YES;
				CLANG_WARN_SUSPICIOUS_MOVE = YES;
				CLANG_WARN_UNGUARDED_AVAILABILITY = YES_AGGRESSIVE;
				CLANG_WARN_UNREACHABLE_CODE = YES;
				CLANG_WARN__DUPLICATE_METHOD_MATCH = YES;
				COPY_PHASE_STRIP = NO;
				DEBUG_INFORMATION_FORMAT = dwarf;
				ENABLE_STRICT_OBJC_MSGSEND = YES;
				ENABLE_TESTABILITY = YES;
				GCC_C_LANGUAGE_STANDARD = gnu11;
				GCC_DYNAMIC_NO_PIC = NO;
				GCC_NO_COMMON_BLOCKS = YES;
				GCC_OPTIMIZATION_LEVEL = 0;
				GCC_PREPROCESSOR_DEFINITIONS = (
					"DEBUG=1",
					"$(inherited)",
				);
				GCC_WARN_64_TO_32_BIT_CONVERSION = YES;
				GCC_WARN_ABOUT_RETURN_TYPE = YES_ERROR;
				GCC_WARN_UNDECLARED_SELECTOR = YES;
				GCC_WARN_UNINITIALIZED_AUTOS = YES_AGGRESSIVE;
				GCC_WARN_UNUSED_FUNCTION = YES;
				GCC_WARN_UNUSED_VARIABLE = YES;
				IPHONEOS_DEPLOYMENT_TARGET = 15.4;
				MTL_ENABLE_DEBUG_INFO = INCLUDE_SOURCE;
				MTL_FAST_MATH = YES;
				ONLY_ACTIVE_ARCH = YES;
				SDKROOT = iphoneos;
				SWIFT_ACTIVE_COMPILATION_CONDITIONS = DEBUG;
				SWIFT_OPTIMIZATION_LEVEL = "-Onone";
			};
			name = Debug;
		};
		2A7DF5D228436AC000CA1890 /* Release */ = {
			isa = XCBuildConfiguration;
			buildSettings = {
				ALWAYS_SEARCH_USER_PATHS = NO;
				CLANG_ANALYZER_NONNULL = YES;
				CLANG_ANALYZER_NUMBER_OBJECT_CONVERSION = YES_AGGRESSIVE;
				CLANG_CXX_LANGUAGE_STANDARD = "gnu++17";
				CLANG_ENABLE_MODULES = YES;
				CLANG_ENABLE_OBJC_ARC = YES;
				CLANG_ENABLE_OBJC_WEAK = YES;
				CLANG_WARN_BLOCK_CAPTURE_AUTORELEASING = YES;
				CLANG_WARN_BOOL_CONVERSION = YES;
				CLANG_WARN_COMMA = YES;
				CLANG_WARN_CONSTANT_CONVERSION = YES;
				CLANG_WARN_DEPRECATED_OBJC_IMPLEMENTATIONS = YES;
				CLANG_WARN_DIRECT_OBJC_ISA_USAGE = YES_ERROR;
				CLANG_WARN_DOCUMENTATION_COMMENTS = YES;
				CLANG_WARN_EMPTY_BODY = YES;
				CLANG_WARN_ENUM_CONVERSION = YES;
				CLANG_WARN_INFINITE_RECURSION = YES;
				CLANG_WARN_INT_CONVERSION = YES;
				CLANG_WARN_NON_LITERAL_NULL_CONVERSION = YES;
				CLANG_WARN_OBJC_IMPLICIT_RETAIN_SELF = YES;
				CLANG_WARN_OBJC_LITERAL_CONVERSION = YES;
				CLANG_WARN_OBJC_ROOT_CLASS = YES_ERROR;
				CLANG_WARN_QUOTED_INCLUDE_IN_FRAMEWORK_HEADER = YES;
				CLANG_WARN_RANGE_LOOP_ANALYSIS = YES;
				CLANG_WARN_STRICT_PROTOTYPES = YES;
				CLANG_WARN_SUSPICIOUS_MOVE = YES;
				CLANG_WARN_UNGUARDED_AVAILABILITY = YES_AGGRESSIVE;
				CLANG_WARN_UNREACHABLE_CODE = YES;
				CLANG_WARN__DUPLICATE_METHOD_MATCH = YES;
				COPY_PHASE_STRIP = NO;
				DEBUG_INFORMATION_FORMAT = "dwarf-with-dsym";
				ENABLE_NS_ASSERTIONS = NO;
				ENABLE_STRICT_OBJC_MSGSEND = YES;
				GCC_C_LANGUAGE_STANDARD = gnu11;
				GCC_NO_COMMON_BLOCKS = YES;
				GCC_WARN_64_TO_32_BIT_CONVERSION = YES;
				GCC_WARN_ABOUT_RETURN_TYPE = YES_ERROR;
				GCC_WARN_UNDECLARED_SELECTOR = YES;
				GCC_WARN_UNINITIALIZED_AUTOS = YES_AGGRESSIVE;
				GCC_WARN_UNUSED_FUNCTION = YES;
				GCC_WARN_UNUSED_VARIABLE = YES;
				IPHONEOS_DEPLOYMENT_TARGET = 15.4;
				MTL_ENABLE_DEBUG_INFO = NO;
				MTL_FAST_MATH = YES;
				SDKROOT = iphoneos;
				SWIFT_COMPILATION_MODE = wholemodule;
				SWIFT_OPTIMIZATION_LEVEL = "-O";
				VALIDATE_PRODUCT = YES;
			};
			name = Release;
		};
		2A7DF5D428436AC000CA1890 /* Debug */ = {
			isa = XCBuildConfiguration;
			buildSettings = {
				ASSETCATALOG_COMPILER_APPICON_NAME = AppIcon;
				ASSETCATALOG_COMPILER_GLOBAL_ACCENT_COLOR_NAME = AccentColor;
				CLANG_ENABLE_OBJC_ARC = NO;
				CODE_SIGN_STYLE = Automatic;
				CURRENT_PROJECT_VERSION = 1;
				DEVELOPMENT_TEAM = 68P2WV4DR3;
				FRAMEWORK_SEARCH_PATHS = (
					"$(inherited)",
					"$(PROJECT_DIR)/mapTest",
					"$(PROJECT_DIR)/DaumMap.embeddedframework",
				);
				GENERATE_INFOPLIST_FILE = YES;
				INFOPLIST_FILE = mapTest/Info.plist;
				INFOPLIST_KEY_UIApplicationSupportsIndirectInputEvents = YES;
				INFOPLIST_KEY_UILaunchStoryboardName = LaunchScreen;
				INFOPLIST_KEY_UIMainStoryboardFile = Main;
				INFOPLIST_KEY_UISupportedInterfaceOrientations_iPad = "UIInterfaceOrientationPortrait UIInterfaceOrientationPortraitUpsideDown UIInterfaceOrientationLandscapeLeft UIInterfaceOrientationLandscapeRight";
				INFOPLIST_KEY_UISupportedInterfaceOrientations_iPhone = "UIInterfaceOrientationPortrait UIInterfaceOrientationLandscapeLeft UIInterfaceOrientationLandscapeRight";
				LD_RUNPATH_SEARCH_PATHS = (
					"$(inherited)",
					"@executable_path/Frameworks",
				);
				MARKETING_VERSION = 1.0;
				PRODUCT_BUNDLE_IDENTIFIER = com.lily.mapTest;
				PRODUCT_NAME = "$(TARGET_NAME)";
				SWIFT_EMIT_LOC_STRINGS = YES;
				SWIFT_OBJC_BRIDGING_HEADER = "/Users/lily/Projects/mapTest/KakaoMap-Bridging-Header.h";
				SWIFT_OBJC_INTERFACE_HEADER_NAME = "$(SWIFT_MODULE_NAME)-Swift.h";
				SWIFT_VERSION = 5.0;
				TARGETED_DEVICE_FAMILY = "1,2";
			};
			name = Debug;
		};
		2A7DF5D528436AC000CA1890 /* Release */ = {
			isa = XCBuildConfiguration;
			buildSettings = {
				ASSETCATALOG_COMPILER_APPICON_NAME = AppIcon;
				ASSETCATALOG_COMPILER_GLOBAL_ACCENT_COLOR_NAME = AccentColor;
				CLANG_ENABLE_OBJC_ARC = NO;
				CODE_SIGN_STYLE = Automatic;
				CURRENT_PROJECT_VERSION = 1;
				DEVELOPMENT_TEAM = 68P2WV4DR3;
				FRAMEWORK_SEARCH_PATHS = (
					"$(inherited)",
					"$(PROJECT_DIR)/mapTest",
					"$(PROJECT_DIR)/DaumMap.embeddedframework",
				);
				GENERATE_INFOPLIST_FILE = YES;
				INFOPLIST_FILE = mapTest/Info.plist;
				INFOPLIST_KEY_UIApplicationSupportsIndirectInputEvents = YES;
				INFOPLIST_KEY_UILaunchStoryboardName = LaunchScreen;
				INFOPLIST_KEY_UIMainStoryboardFile = Main;
				INFOPLIST_KEY_UISupportedInterfaceOrientations_iPad = "UIInterfaceOrientationPortrait UIInterfaceOrientationPortraitUpsideDown UIInterfaceOrientationLandscapeLeft UIInterfaceOrientationLandscapeRight";
				INFOPLIST_KEY_UISupportedInterfaceOrientations_iPhone = "UIInterfaceOrientationPortrait UIInterfaceOrientationLandscapeLeft UIInterfaceOrientationLandscapeRight";
				LD_RUNPATH_SEARCH_PATHS = (
					"$(inherited)",
					"@executable_path/Frameworks",
				);
				MARKETING_VERSION = 1.0;
				PRODUCT_BUNDLE_IDENTIFIER = com.lily.mapTest;
				PRODUCT_NAME = "$(TARGET_NAME)";
				SWIFT_EMIT_LOC_STRINGS = YES;
				SWIFT_OBJC_BRIDGING_HEADER = "/Users/lily/Projects/mapTest/KakaoMap-Bridging-Header.h";
				SWIFT_OBJC_INTERFACE_HEADER_NAME = "$(SWIFT_MODULE_NAME)-Swift.h";
				SWIFT_VERSION = 5.0;
				TARGETED_DEVICE_FAMILY = "1,2";
			};
			name = Release;
		};
/* End XCBuildConfiguration section */

/* Begin XCConfigurationList section */
		2A7DF5BA28436AB700CA1890 /* Build configuration list for PBXProject "mapTest" */ = {
			isa = XCConfigurationList;
			buildConfigurations = (
				2A7DF5D128436AC000CA1890 /* Debug */,
				2A7DF5D228436AC000CA1890 /* Release */,
			);
			defaultConfigurationIsVisible = 0;
			defaultConfigurationName = Release;
		};
		2A7DF5D328436AC000CA1890 /* Build configuration list for PBXNativeTarget "mapTest" */ = {
			isa = XCConfigurationList;
			buildConfigurations = (
				2A7DF5D428436AC000CA1890 /* Debug */,
				2A7DF5D528436AC000CA1890 /* Release */,
			);
			defaultConfigurationIsVisible = 0;
			defaultConfigurationName = Release;
		};
/* End XCConfigurationList section */
	};
	rootObject = 2A7DF5B728436AB700CA1890 /* Project object */;
}
